
Microsoft Visual Studio Solution File, Format Version 12.00
# Visual Studio 15
Project("{FAE04EC0-301F-11D3-BF4B-00C04F79EFBC}") = "Assembly-CSharp-Editor", "Assembly-CSharp-Editor.csproj", "{ACBE19F0-DA45-17CA-90CC-D32EFCBAB5DA}"
EndProject
Project("{FAE04EC0-301F-11D3-BF4B-00C04F79EFBC}") = "Assembly-CSharp", "Assembly-CSharp.csproj", "{EA38613E-0E30-8B17-FAD5-6622DF37169A}"
EndProject
Global
	GlobalSection(SolutionConfigurationPlatforms) = preSolution
		Debug|Any CPU = Debug|Any CPU
		Release|Any CPU = Release|Any CPU
	EndGlobalSection
	GlobalSection(ProjectConfigurationPlatforms) = postSolution
		{ACBE19F0-DA45-17CA-90CC-D32EFCBAB5DA}.Debug|Any CPU.ActiveCfg = Debug|Any CPU
		{ACBE19F0-DA45-17CA-90CC-D32EFCBAB5DA}.Debug|Any CPU.Build.0 = Debug|Any CPU
		{ACBE19F0-DA45-17CA-90CC-D32EFCBAB5DA}.Release|Any CPU.ActiveCfg = Release|Any CPU
		{ACBE19F0-DA45-17CA-90CC-D32EFCBAB5DA}.Release|Any CPU.Build.0 = Release|Any CPU
		{EA38613E-0E30-8B17-FAD5-6622DF37169A}.Debug|Any CPU.ActiveCfg = Debug|Any CPU
		{EA38613E-0E30-8B17-FAD5-6622DF37169A}.Debug|Any CPU.Build.0 = Debug|Any CPU
		{EA38613E-0E30-8B17-FAD5-6622DF37169A}.Release|Any CPU.ActiveCfg = Release|Any CPU
		{EA38613E-0E30-8B17-FAD5-6622DF37169A}.Release|Any CPU.Build.0 = Release|Any CPU
	EndGlobalSection
	GlobalSection(SolutionProperties) = preSolution
		HideSolutionNode = FALSE
	EndGlobalSection
EndGlobal
